Microsoft Visual Studio Solution File, Format Version 12.00
# Visual Studio Version 16
VisualStudioVersion = 16.0.0.0
MinimumVisualStudioVersion = 16.0.0.0
Project("{9A19103F-16F7-4668-BE54-9A1E7A4F7556}") = "Chaincase", "Chaincase\Chaincase.csproj", "{BAC5541F-A9DA-4195-AF14-78D5EDC7F0CF}"
EndProject
Project("{FAE04EC0-301F-11D3-BF4B-00C04F79EFBC}") = "Chaincase.iOS", "Chaincase.iOS\Chaincase.iOS.csproj", "{44322233-08F3-4611-9ED1-FDCF0AEB1317}"
EndProject
Project("{FAE04EC0-301F-11D3-BF4B-00C04F79EFBC}") = "WalletWasabi.Standard", "WalletWasabi\WalletWasabi.Standard\WalletWasabi.Standard.csproj", "{0D4DDFEC-7BFA-47D4-8244-6CD3879DCDA4}"
EndProject
Project("{FAE04EC0-301F-11D3-BF4B-00C04F79EFBC}") = "Chaincase.Common", "Chaincase.Common\Chaincase.Common.csproj", "{96670874-0C12-47C2-94A3-4B7CA7DBCED4}"
EndProject
Project("{FAE04EC0-301F-11D3-BF4B-00C04F79EFBC}") = "Chaincase.UI", "Chaincase.UI\Chaincase.UI.csproj", "{15DF9C65-C954-4264-8B87-EF1D07B26D3B}"
EndProject
Project("{FAE04EC0-301F-11D3-BF4B-00C04F79EFBC}") = "Chaincase.SSB", "Chaincase.SSB\Chaincase.SSB.csproj", "{396B25F5-ACC6-4718-A5F8-DADC52FCFC2E}"
EndProject
Project("{FAE04EC0-301F-11D3-BF4B-00C04F79EFBC}") = "Xamarin.iOS.Tor", "Xamarin.iOS.Tor\Xamarin.iOS.Tor.csproj", "{4B9C81E8-049C-425D-BD7A-BFBF586A7F64}"
EndProject
Project("{FAE04EC0-301F-11D3-BF4B-00C04F79EFBC}") = "Xamarin.iOS.Tor.Tests", "Xamarin.iOS.Tor.Tests\Xamarin.iOS.Tor.Tests.csproj", "{AB0BE8BB-12F5-438B-A850-F5409B78654F}"
EndProject
Project("{FAE04EC0-301F-11D3-BF4B-00C04F79EFBC}") = "Chaincase.Tests", "Chaincase.Tests\Chaincase.Tests.csproj", "{1E635053-3D35-4CC8-84DB-5189EBFA879C}"
EndProject
Project("{FAE04EC0-301F-11D3-BF4B-00C04F79EFBC}") = "Chaincase.Android", "Chaincase.Android\Chaincase.Android.csproj", "{DEE5F322-CA7E-40A6-A727-821A1EE262EE}"
EndProject
Global
	GlobalSection(SolutionConfigurationPlatforms) = preSolution
		Debug|Any CPU = Debug|Any CPU
		Debug|iPhone = Debug|iPhone
		Debug|iPhoneSimulator = Debug|iPhoneSimulator
		Debug|x64 = Debug|x64
		Debug|x86 = Debug|x86
		Release|Any CPU = Release|Any CPU
		Release|iPhone = Release|iPhone
		Release|iPhoneSimulator = Release|iPhoneSimulator
		Release|x64 = Release|x64
		Release|x86 = Release|x86
	EndGlobalSection
	GlobalSection(ProjectConfigurationPlatforms) = postSolution
		{BAC5541F-A9DA-4195-AF14-78D5EDC7F0CF}.Debug|Any CPU.ActiveCfg = Debug|Any CPU
		{BAC5541F-A9DA-4195-AF14-78D5EDC7F0CF}.Debug|Any CPU.Build.0 = Debug|Any CPU
		{BAC5541F-A9DA-4195-AF14-78D5EDC7F0CF}.Debug|iPhone.ActiveCfg = Debug|Any CPU
		{BAC5541F-A9DA-4195-AF14-78D5EDC7F0CF}.Debug|iPhone.Build.0 = Debug|Any CPU
		{BAC5541F-A9DA-4195-AF14-78D5EDC7F0CF}.Debug|iPhoneSimulator.ActiveCfg = Debug|Any CPU
		{BAC5541F-A9DA-4195-AF14-78D5EDC7F0CF}.Debug|iPhoneSimulator.Build.0 = Debug|Any CPU
		{BAC5541F-A9DA-4195-AF14-78D5EDC7F0CF}.Debug|x64.ActiveCfg = Debug|Any CPU
		{BAC5541F-A9DA-4195-AF14-78D5EDC7F0CF}.Debug|x64.Build.0 = Debug|Any CPU
		{BAC5541F-A9DA-4195-AF14-78D5EDC7F0CF}.Debug|x86.ActiveCfg = Debug|Any CPU
		{BAC5541F-A9DA-4195-AF14-78D5EDC7F0CF}.Debug|x86.Build.0 = Debug|Any CPU
		{BAC5541F-A9DA-4195-AF14-78D5EDC7F0CF}.Release|Any CPU.ActiveCfg = Release|Any CPU
		{BAC5541F-A9DA-4195-AF14-78D5EDC7F0CF}.Release|Any CPU.Build.0 = Release|Any CPU
		{BAC5541F-A9DA-4195-AF14-78D5EDC7F0CF}.Release|iPhone.ActiveCfg = Release|Any CPU
		{BAC5541F-A9DA-4195-AF14-78D5EDC7F0CF}.Release|iPhone.Build.0 = Release|Any CPU
		{BAC5541F-A9DA-4195-AF14-78D5EDC7F0CF}.Release|iPhoneSimulator.ActiveCfg = Release|Any CPU
		{BAC5541F-A9DA-4195-AF14-78D5EDC7F0CF}.Release|iPhoneSimulator.Build.0 = Release|Any CPU
		{BAC5541F-A9DA-4195-AF14-78D5EDC7F0CF}.Release|x64.ActiveCfg = Release|Any CPU
		{BAC5541F-A9DA-4195-AF14-78D5EDC7F0CF}.Release|x64.Build.0 = Release|Any CPU
		{BAC5541F-A9DA-4195-AF14-78D5EDC7F0CF}.Release|x86.ActiveCfg = Release|Any CPU
		{BAC5541F-A9DA-4195-AF14-78D5EDC7F0CF}.Release|x86.Build.0 = Release|Any CPU
		{44322233-08F3-4611-9ED1-FDCF0AEB1317}.Debug|Any CPU.ActiveCfg = Debug|iPhone
		{44322233-08F3-4611-9ED1-FDCF0AEB1317}.Debug|iPhone.ActiveCfg = Debug|iPhone
		{44322233-08F3-4611-9ED1-FDCF0AEB1317}.Debug|iPhone.Build.0 = Debug|iPhone
		{44322233-08F3-4611-9ED1-FDCF0AEB1317}.Debug|iPhoneSimulator.ActiveCfg = Debug|iPhoneSimulator
		{44322233-08F3-4611-9ED1-FDCF0AEB1317}.Debug|iPhoneSimulator.Build.0 = Debug|iPhoneSimulator
		{44322233-08F3-4611-9ED1-FDCF0AEB1317}.Debug|x64.ActiveCfg = Debug|iPhone
		{44322233-08F3-4611-9ED1-FDCF0AEB1317}.Debug|x86.ActiveCfg = Debug|iPhone
		{44322233-08F3-4611-9ED1-FDCF0AEB1317}.Release|Any CPU.ActiveCfg = Release|iPhone
		{44322233-08F3-4611-9ED1-FDCF0AEB1317}.Release|iPhone.ActiveCfg = Release|iPhone
		{44322233-08F3-4611-9ED1-FDCF0AEB1317}.Release|iPhone.Build.0 = Release|iPhone
		{44322233-08F3-4611-9ED1-FDCF0AEB1317}.Release|iPhoneSimulator.ActiveCfg = Release|iPhoneSimulator
		{44322233-08F3-4611-9ED1-FDCF0AEB1317}.Release|iPhoneSimulator.Build.0 = Release|iPhoneSimulator
		{44322233-08F3-4611-9ED1-FDCF0AEB1317}.Release|x64.ActiveCfg = Release|iPhone
		{44322233-08F3-4611-9ED1-FDCF0AEB1317}.Release|x86.ActiveCfg = Release|iPhone
		{44322233-08F3-4611-9ED1-FDCF0AEB1317}.Debug|Any CPU.Build.0 = Debug|iPhone
		{0D4DDFEC-7BFA-47D4-8244-6CD3879DCDA4}.Debug|Any CPU.ActiveCfg = Debug|Any CPU
		{0D4DDFEC-7BFA-47D4-8244-6CD3879DCDA4}.Debug|Any CPU.Build.0 = Debug|Any CPU
		{0D4DDFEC-7BFA-47D4-8244-6CD3879DCDA4}.Debug|iPhone.ActiveCfg = Debug|Any CPU
		{0D4DDFEC-7BFA-47D4-8244-6CD3879DCDA4}.Debug|iPhone.Build.0 = Debug|Any CPU
		{0D4DDFEC-7BFA-47D4-8244-6CD3879DCDA4}.Debug|iPhoneSimulator.ActiveCfg = Debug|Any CPU
		{0D4DDFEC-7BFA-47D4-8244-6CD3879DCDA4}.Debug|iPhoneSimulator.Build.0 = Debug|Any CPU
		{0D4DDFEC-7BFA-47D4-8244-6CD3879DCDA4}.Debug|x64.ActiveCfg = Debug|Any CPU
		{0D4DDFEC-7BFA-47D4-8244-6CD3879DCDA4}.Debug|x64.Build.0 = Debug|Any CPU
		{0D4DDFEC-7BFA-47D4-8244-6CD3879DCDA4}.Debug|x86.ActiveCfg = Debug|Any CPU
		{0D4DDFEC-7BFA-47D4-8244-6CD3879DCDA4}.Debug|x86.Build.0 = Debug|Any CPU
		{0D4DDFEC-7BFA-47D4-8244-6CD3879DCDA4}.Release|Any CPU.ActiveCfg = Release|Any CPU
		{0D4DDFEC-7BFA-47D4-8244-6CD3879DCDA4}.Release|Any CPU.Build.0 = Release|Any CPU
		{0D4DDFEC-7BFA-47D4-8244-6CD3879DCDA4}.Release|iPhone.ActiveCfg = Release|Any CPU
		{0D4DDFEC-7BFA-47D4-8244-6CD3879DCDA4}.Release|iPhone.Build.0 = Release|Any CPU
		{0D4DDFEC-7BFA-47D4-8244-6CD3879DCDA4}.Release|iPhoneSimulator.ActiveCfg = Release|Any CPU
		{0D4DDFEC-7BFA-47D4-8244-6CD3879DCDA4}.Release|iPhoneSimulator.Build.0 = Release|Any CPU
		{0D4DDFEC-7BFA-47D4-8244-6CD3879DCDA4}.Release|x64.ActiveCfg = Release|Any CPU
		{0D4DDFEC-7BFA-47D4-8244-6CD3879DCDA4}.Release|x64.Build.0 = Release|Any CPU
		{0D4DDFEC-7BFA-47D4-8244-6CD3879DCDA4}.Release|x86.ActiveCfg = Release|Any CPU
		{0D4DDFEC-7BFA-47D4-8244-6CD3879DCDA4}.Release|x86.Build.0 = Release|Any CPU
		{96670874-0C12-47C2-94A3-4B7CA7DBCED4}.Debug|Any CPU.ActiveCfg = Debug|Any CPU
		{96670874-0C12-47C2-94A3-4B7CA7DBCED4}.Debug|Any CPU.Build.0 = Debug|Any CPU
		{96670874-0C12-47C2-94A3-4B7CA7DBCED4}.Debug|iPhone.ActiveCfg = Debug|Any CPU
		{96670874-0C12-47C2-94A3-4B7CA7DBCED4}.Debug|iPhone.Build.0 = Debug|Any CPU
		{96670874-0C12-47C2-94A3-4B7CA7DBCED4}.Debug|iPhoneSimulator.ActiveCfg = Debug|Any CPU
		{96670874-0C12-47C2-94A3-4B7CA7DBCED4}.Debug|iPhoneSimulator.Build.0 = Debug|Any CPU
		{96670874-0C12-47C2-94A3-4B7CA7DBCED4}.Debug|x64.ActiveCfg = Debug|Any CPU
		{96670874-0C12-47C2-94A3-4B7CA7DBCED4}.Debug|x64.Build.0 = Debug|Any CPU
		{96670874-0C12-47C2-94A3-4B7CA7DBCED4}.Debug|x86.ActiveCfg = Debug|Any CPU
		{96670874-0C12-47C2-94A3-4B7CA7DBCED4}.Debug|x86.Build.0 = Debug|Any CPU
		{96670874-0C12-47C2-94A3-4B7CA7DBCED4}.Release|Any CPU.ActiveCfg = Release|Any CPU
		{96670874-0C12-47C2-94A3-4B7CA7DBCED4}.Release|Any CPU.Build.0 = Release|Any CPU
		{96670874-0C12-47C2-94A3-4B7CA7DBCED4}.Release|iPhone.ActiveCfg = Release|Any CPU
		{96670874-0C12-47C2-94A3-4B7CA7DBCED4}.Release|iPhone.Build.0 = Release|Any CPU
		{96670874-0C12-47C2-94A3-4B7CA7DBCED4}.Release|iPhoneSimulator.ActiveCfg = Release|Any CPU
		{96670874-0C12-47C2-94A3-4B7CA7DBCED4}.Release|iPhoneSimulator.Build.0 = Release|Any CPU
		{96670874-0C12-47C2-94A3-4B7CA7DBCED4}.Release|x64.ActiveCfg = Release|Any CPU
		{96670874-0C12-47C2-94A3-4B7CA7DBCED4}.Release|x64.Build.0 = Release|Any CPU
		{96670874-0C12-47C2-94A3-4B7CA7DBCED4}.Release|x86.ActiveCfg = Release|Any CPU
		{96670874-0C12-47C2-94A3-4B7CA7DBCED4}.Release|x86.Build.0 = Release|Any CPU
		{15DF9C65-C954-4264-8B87-EF1D07B26D3B}.Debug|Any CPU.ActiveCfg = Debug|Any CPU
		{15DF9C65-C954-4264-8B87-EF1D07B26D3B}.Debug|Any CPU.Build.0 = Debug|Any CPU
		{15DF9C65-C954-4264-8B87-EF1D07B26D3B}.Debug|iPhone.ActiveCfg = Debug|Any CPU
		{15DF9C65-C954-4264-8B87-EF1D07B26D3B}.Debug|iPhone.Build.0 = Debug|Any CPU
		{15DF9C65-C954-4264-8B87-EF1D07B26D3B}.Debug|iPhoneSimulator.ActiveCfg = Debug|Any CPU
		{15DF9C65-C954-4264-8B87-EF1D07B26D3B}.Debug|iPhoneSimulator.Build.0 = Debug|Any CPU
		{15DF9C65-C954-4264-8B87-EF1D07B26D3B}.Debug|x64.ActiveCfg = Debug|Any CPU
		{15DF9C65-C954-4264-8B87-EF1D07B26D3B}.Debug|x64.Build.0 = Debug|Any CPU
		{15DF9C65-C954-4264-8B87-EF1D07B26D3B}.Debug|x86.ActiveCfg = Debug|Any CPU
		{15DF9C65-C954-4264-8B87-EF1D07B26D3B}.Debug|x86.Build.0 = Debug|Any CPU
		{15DF9C65-C954-4264-8B87-EF1D07B26D3B}.Release|Any CPU.ActiveCfg = Release|Any CPU
		{15DF9C65-C954-4264-8B87-EF1D07B26D3B}.Release|Any CPU.Build.0 = Release|Any CPU
		{15DF9C65-C954-4264-8B87-EF1D07B26D3B}.Release|iPhone.ActiveCfg = Release|Any CPU
		{15DF9C65-C954-4264-8B87-EF1D07B26D3B}.Release|iPhone.Build.0 = Release|Any CPU
		{15DF9C65-C954-4264-8B87-EF1D07B26D3B}.Release|iPhoneSimulator.ActiveCfg = Release|Any CPU
		{15DF9C65-C954-4264-8B87-EF1D07B26D3B}.Release|iPhoneSimulator.Build.0 = Release|Any CPU
		{15DF9C65-C954-4264-8B87-EF1D07B26D3B}.Release|x64.ActiveCfg = Release|Any CPU
		{15DF9C65-C954-4264-8B87-EF1D07B26D3B}.Release|x64.Build.0 = Release|Any CPU
		{15DF9C65-C954-4264-8B87-EF1D07B26D3B}.Release|x86.ActiveCfg = Release|Any CPU
		{15DF9C65-C954-4264-8B87-EF1D07B26D3B}.Release|x86.Build.0 = Release|Any CPU
		{396B25F5-ACC6-4718-A5F8-DADC52FCFC2E}.Debug|Any CPU.ActiveCfg = Debug|Any CPU
		{396B25F5-ACC6-4718-A5F8-DADC52FCFC2E}.Debug|Any CPU.Build.0 = Debug|Any CPU
		{396B25F5-ACC6-4718-A5F8-DADC52FCFC2E}.Debug|iPhone.ActiveCfg = Debug|Any CPU
		{396B25F5-ACC6-4718-A5F8-DADC52FCFC2E}.Debug|iPhone.Build.0 = Debug|Any CPU
		{396B25F5-ACC6-4718-A5F8-DADC52FCFC2E}.Debug|iPhoneSimulator.ActiveCfg = Debug|Any CPU
		{396B25F5-ACC6-4718-A5F8-DADC52FCFC2E}.Debug|iPhoneSimulator.Build.0 = Debug|Any CPU
		{396B25F5-ACC6-4718-A5F8-DADC52FCFC2E}.Debug|x64.ActiveCfg = Debug|Any CPU
		{396B25F5-ACC6-4718-A5F8-DADC52FCFC2E}.Debug|x64.Build.0 = Debug|Any CPU
		{396B25F5-ACC6-4718-A5F8-DADC52FCFC2E}.Debug|x86.ActiveCfg = Debug|Any CPU
		{396B25F5-ACC6-4718-A5F8-DADC52FCFC2E}.Debug|x86.Build.0 = Debug|Any CPU
		{396B25F5-ACC6-4718-A5F8-DADC52FCFC2E}.Release|Any CPU.ActiveCfg = Release|Any CPU
		{396B25F5-ACC6-4718-A5F8-DADC52FCFC2E}.Release|Any CPU.Build.0 = Release|Any CPU
		{396B25F5-ACC6-4718-A5F8-DADC52FCFC2E}.Release|iPhone.ActiveCfg = Release|Any CPU
		{396B25F5-ACC6-4718-A5F8-DADC52FCFC2E}.Release|iPhone.Build.0 = Release|Any CPU
		{396B25F5-ACC6-4718-A5F8-DADC52FCFC2E}.Release|iPhoneSimulator.ActiveCfg = Release|Any CPU
		{396B25F5-ACC6-4718-A5F8-DADC52FCFC2E}.Release|iPhoneSimulator.Build.0 = Release|Any CPU
		{396B25F5-ACC6-4718-A5F8-DADC52FCFC2E}.Release|x64.ActiveCfg = Release|Any CPU
		{396B25F5-ACC6-4718-A5F8-DADC52FCFC2E}.Release|x64.Build.0 = Release|Any CPU
		{396B25F5-ACC6-4718-A5F8-DADC52FCFC2E}.Release|x86.ActiveCfg = Release|Any CPU
		{396B25F5-ACC6-4718-A5F8-DADC52FCFC2E}.Release|x86.Build.0 = Release|Any CPU
		{4B9C81E8-049C-425D-BD7A-BFBF586A7F64}.Debug|Any CPU.ActiveCfg = Debug|Any CPU
		{4B9C81E8-049C-425D-BD7A-BFBF586A7F64}.Debug|Any CPU.Build.0 = Debug|Any CPU
		{4B9C81E8-049C-425D-BD7A-BFBF586A7F64}.Debug|iPhone.ActiveCfg = Debug|Any CPU
		{4B9C81E8-049C-425D-BD7A-BFBF586A7F64}.Debug|iPhone.Build.0 = Debug|Any CPU
		{4B9C81E8-049C-425D-BD7A-BFBF586A7F64}.Debug|iPhoneSimulator.ActiveCfg = Debug|Any CPU
		{4B9C81E8-049C-425D-BD7A-BFBF586A7F64}.Debug|iPhoneSimulator.Build.0 = Debug|Any CPU
		{4B9C81E8-049C-425D-BD7A-BFBF586A7F64}.Debug|x64.ActiveCfg = Debug|Any CPU
		{4B9C81E8-049C-425D-BD7A-BFBF586A7F64}.Debug|x64.Build.0 = Debug|Any CPU
		{4B9C81E8-049C-425D-BD7A-BFBF586A7F64}.Debug|x86.ActiveCfg = Debug|Any CPU
		{4B9C81E8-049C-425D-BD7A-BFBF586A7F64}.Debug|x86.Build.0 = Debug|Any CPU
		{4B9C81E8-049C-425D-BD7A-BFBF586A7F64}.Release|Any CPU.ActiveCfg = Release|Any CPU
		{4B9C81E8-049C-425D-BD7A-BFBF586A7F64}.Release|Any CPU.Build.0 = Release|Any CPU
		{4B9C81E8-049C-425D-BD7A-BFBF586A7F64}.Release|iPhone.ActiveCfg = Release|Any CPU
		{4B9C81E8-049C-425D-BD7A-BFBF586A7F64}.Release|iPhone.Build.0 = Release|Any CPU
		{4B9C81E8-049C-425D-BD7A-BFBF586A7F64}.Release|iPhoneSimulator.ActiveCfg = Release|Any CPU
		{4B9C81E8-049C-425D-BD7A-BFBF586A7F64}.Release|iPhoneSimulator.Build.0 = Release|Any CPU
		{4B9C81E8-049C-425D-BD7A-BFBF586A7F64}.Release|x64.ActiveCfg = Release|Any CPU
		{4B9C81E8-049C-425D-BD7A-BFBF586A7F64}.Release|x64.Build.0 = Release|Any CPU
		{4B9C81E8-049C-425D-BD7A-BFBF586A7F64}.Release|x86.ActiveCfg = Release|Any CPU
		{4B9C81E8-049C-425D-BD7A-BFBF586A7F64}.Release|x86.Build.0 = Release|Any CPU
		{AB0BE8BB-12F5-438B-A850-F5409B78654F}.Debug|Any CPU.ActiveCfg = Debug|iPhone
		{AB0BE8BB-12F5-438B-A850-F5409B78654F}.Debug|Any CPU.Build.0 = Debug|iPhone
		{AB0BE8BB-12F5-438B-A850-F5409B78654F}.Debug|iPhone.ActiveCfg = Debug|iPhone
		{AB0BE8BB-12F5-438B-A850-F5409B78654F}.Debug|iPhone.Build.0 = Debug|iPhone
		{AB0BE8BB-12F5-438B-A850-F5409B78654F}.Debug|iPhoneSimulator.ActiveCfg = Debug|iPhoneSimulator
		{AB0BE8BB-12F5-438B-A850-F5409B78654F}.Debug|iPhoneSimulator.Build.0 = Debug|iPhoneSimulator
		{AB0BE8BB-12F5-438B-A850-F5409B78654F}.Debug|x64.ActiveCfg = Debug|iPhone
		{AB0BE8BB-12F5-438B-A850-F5409B78654F}.Debug|x64.Build.0 = Debug|iPhone
		{AB0BE8BB-12F5-438B-A850-F5409B78654F}.Debug|x86.ActiveCfg = Debug|iPhone
		{AB0BE8BB-12F5-438B-A850-F5409B78654F}.Debug|x86.Build.0 = Debug|iPhone
		{AB0BE8BB-12F5-438B-A850-F5409B78654F}.Release|Any CPU.ActiveCfg = Release|iPhone
		{AB0BE8BB-12F5-438B-A850-F5409B78654F}.Release|Any CPU.Build.0 = Release|iPhone
		{AB0BE8BB-12F5-438B-A850-F5409B78654F}.Release|iPhone.ActiveCfg = Release|iPhone
		{AB0BE8BB-12F5-438B-A850-F5409B78654F}.Release|iPhone.Build.0 = Release|iPhone
		{AB0BE8BB-12F5-438B-A850-F5409B78654F}.Release|iPhoneSimulator.ActiveCfg = Release|iPhoneSimulator
		{AB0BE8BB-12F5-438B-A850-F5409B78654F}.Release|iPhoneSimulator.Build.0 = Release|iPhoneSimulator
		{AB0BE8BB-12F5-438B-A850-F5409B78654F}.Release|x64.ActiveCfg = Release|iPhone
		{AB0BE8BB-12F5-438B-A850-F5409B78654F}.Release|x64.Build.0 = Release|iPhone
		{AB0BE8BB-12F5-438B-A850-F5409B78654F}.Release|x86.ActiveCfg = Release|iPhone
		{AB0BE8BB-12F5-438B-A850-F5409B78654F}.Release|x86.Build.0 = Release|iPhone
		{1E635053-3D35-4CC8-84DB-5189EBFA879C}.Debug|Any CPU.ActiveCfg = Debug|Any CPU
		{1E635053-3D35-4CC8-84DB-5189EBFA879C}.Debug|Any CPU.Build.0 = Debug|Any CPU
		{1E635053-3D35-4CC8-84DB-5189EBFA879C}.Debug|iPhone.ActiveCfg = Debug|Any CPU
		{1E635053-3D35-4CC8-84DB-5189EBFA879C}.Debug|iPhone.Build.0 = Debug|Any CPU
		{1E635053-3D35-4CC8-84DB-5189EBFA879C}.Debug|iPhoneSimulator.ActiveCfg = Debug|Any CPU
		{1E635053-3D35-4CC8-84DB-5189EBFA879C}.Debug|iPhoneSimulator.Build.0 = Debug|Any CPU
		{1E635053-3D35-4CC8-84DB-5189EBFA879C}.Debug|x64.ActiveCfg = Debug|Any CPU
		{1E635053-3D35-4CC8-84DB-5189EBFA879C}.Debug|x64.Build.0 = Debug|Any CPU
		{1E635053-3D35-4CC8-84DB-5189EBFA879C}.Debug|x86.ActiveCfg = Debug|Any CPU
		{1E635053-3D35-4CC8-84DB-5189EBFA879C}.Debug|x86.Build.0 = Debug|Any CPU
		{1E635053-3D35-4CC8-84DB-5189EBFA879C}.Release|Any CPU.ActiveCfg = Release|Any CPU
		{1E635053-3D35-4CC8-84DB-5189EBFA879C}.Release|Any CPU.Build.0 = Release|Any CPU
		{1E635053-3D35-4CC8-84DB-5189EBFA879C}.Release|iPhone.ActiveCfg = Release|Any CPU
		{1E635053-3D35-4CC8-84DB-5189EBFA879C}.Release|iPhone.Build.0 = Release|Any CPU
		{1E635053-3D35-4CC8-84DB-5189EBFA879C}.Release|iPhoneSimulator.ActiveCfg = Release|Any CPU
		{1E635053-3D35-4CC8-84DB-5189EBFA879C}.Release|iPhoneSimulator.Build.0 = Release|Any CPU
		{1E635053-3D35-4CC8-84DB-5189EBFA879C}.Release|x64.ActiveCfg = Release|Any CPU
		{1E635053-3D35-4CC8-84DB-5189EBFA879C}.Release|x64.Build.0 = Release|Any CPU
		{1E635053-3D35-4CC8-84DB-5189EBFA879C}.Release|x86.ActiveCfg = Release|Any CPU
		{1E635053-3D35-4CC8-84DB-5189EBFA879C}.Release|x86.Build.0 = Release|Any CPU
		{DEE5F322-CA7E-40A6-A727-821A1EE262EE}.Debug|Any CPU.ActiveCfg = Debug|Any CPU
		{DEE5F322-CA7E-40A6-A727-821A1EE262EE}.Debug|Any CPU.Build.0 = Debug|Any CPU
	EndGlobalSection
	GlobalSection(SolutionProperties) = preSolution
		HideSolutionNode = FALSE
	EndGlobalSection
	GlobalSection(ExtensibilityGlobals) = postSolution
		SolutionGuid = {ED7051B0-F135-4F5F-A3AD-CEBBF9EE44B1}
	EndGlobalSection
EndGlobal
